
Microsoft Visual Studio Solution File, Format Version 12.00
# Visual Studio 15
VisualStudioVersion = 15.0.27703.2026
MinimumVisualStudioVersion = 10.0.40219.1
Project("{FAE04EC0-301F-11D3-BF4B-00C04F79EFBC}") = "MVVMFingertipsArt", "MVVMFingertipsArt\MVVMFingertipsArt.csproj", "{767749BD-9EB4-459F-A5A2-FF36D4C9A540}"
EndProject
Project("{FAE04EC0-301F-11D3-BF4B-00C04F79EFBC}") = "Build2", "Build2\Build2.csproj", "{CEB1886F-6A13-4A75-B8F3-D0A087CA6C67}"
EndProject
Project("{FAE04EC0-301F-11D3-BF4B-00C04F79EFBC}") = "DataModels", "DataModels\DataModels.csproj", "{645FFAE4-1650-41DA-A235-3F8E7C4F8965}"
EndProject
Global
	GlobalSection(SolutionConfigurationPlatforms) = preSolution
		Debug|Any CPU = Debug|Any CPU
		Debug|ARM = Debug|ARM
		Debug|x64 = Debug|x64
		Debug|x86 = Debug|x86
		Release|Any CPU = Release|Any CPU
		Release|ARM = Release|ARM
		Release|x64 = Release|x64
		Release|x86 = Release|x86
	EndGlobalSection
	GlobalSection(ProjectConfigurationPlatforms) = postSolution
		{767749BD-9EB4-459F-A5A2-FF36D4C9A540}.Debug|Any CPU.ActiveCfg = Debug|x86
		{767749BD-9EB4-459F-A5A2-FF36D4C9A540}.Debug|ARM.ActiveCfg = Debug|ARM
		{767749BD-9EB4-459F-A5A2-FF36D4C9A540}.Debug|ARM.Build.0 = Debug|ARM
		{767749BD-9EB4-459F-A5A2-FF36D4C9A540}.Debug|ARM.Deploy.0 = Debug|ARM
		{767749BD-9EB4-459F-A5A2-FF36D4C9A540}.Debug|x64.ActiveCfg = Debug|x64
		{767749BD-9EB4-459F-A5A2-FF36D4C9A540}.Debug|x64.Build.0 = Debug|x64
		{767749BD-9EB4-459F-A5A2-FF36D4C9A540}.Debug|x64.Deploy.0 = Debug|x64
		{767749BD-9EB4-459F-A5A2-FF36D4C9A540}.Debug|x86.ActiveCfg = Debug|x86
		{767749BD-9EB4-459F-A5A2-FF36D4C9A540}.Debug|x86.Build.0 = Debug|x86
		{767749BD-9EB4-459F-A5A2-FF36D4C9A540}.Debug|x86.Deploy.0 = Debug|x86
		{767749BD-9EB4-459F-A5A2-FF36D4C9A540}.Release|Any CPU.ActiveCfg = Release|x86
		{767749BD-9EB4-459F-A5A2-FF36D4C9A540}.Release|ARM.ActiveCfg = Release|ARM
		{767749BD-9EB4-459F-A5A2-FF36D4C9A540}.Release|ARM.Build.0 = Release|ARM
		{767749BD-9EB4-459F-A5A2-FF36D4C9A540}.Release|ARM.Deploy.0 = Release|ARM
		{767749BD-9EB4-459F-A5A2-FF36D4C9A540}.Release|x64.ActiveCfg = Release|x64
		{767749BD-9EB4-459F-A5A2-FF36D4C9A540}.Release|x64.Build.0 = Release|x64
		{767749BD-9EB4-459F-A5A2-FF36D4C9A540}.Release|x64.Deploy.0 = Release|x64
		{767749BD-9EB4-459F-A5A2-FF36D4C9A540}.Release|x86.ActiveCfg = Release|x86
		{767749BD-9EB4-459F-A5A2-FF36D4C9A540}.Release|x86.Build.0 = Release|x86
		{767749BD-9EB4-459F-A5A2-FF36D4C9A540}.Release|x86.Deploy.0 = Release|x86
		{CEB1886F-6A13-4A75-B8F3-D0A087CA6C67}.Debug|Any CPU.ActiveCfg = Debug|Any CPU
		{CEB1886F-6A13-4A75-B8F3-D0A087CA6C67}.Debug|Any CPU.Build.0 = Debug|Any CPU
		{CEB1886F-6A13-4A75-B8F3-D0A087CA6C67}.Debug|ARM.ActiveCfg = Debug|Any CPU
		{CEB1886F-6A13-4A75-B8F3-D0A087CA6C67}.Debug|ARM.Build.0 = Debug|Any CPU
		{CEB1886F-6A13-4A75-B8F3-D0A087CA6C67}.Debug|x64.ActiveCfg = Debug|Any CPU
		{CEB1886F-6A13-4A75-B8F3-D0A087CA6C67}.Debug|x64.Build.0 = Debug|Any CPU
		{CEB1886F-6A13-4A75-B8F3-D0A087CA6C67}.Debug|x86.ActiveCfg = Debug|Any CPU
		{CEB1886F-6A13-4A75-B8F3-D0A087CA6C67}.Debug|x86.Build.0 = Debug|Any CPU
		{CEB1886F-6A13-4A75-B8F3-D0A087CA6C67}.Release|Any CPU.ActiveCfg = Release|Any CPU
		{CEB1886F-6A13-4A75-B8F3-D0A087CA6C67}.Release|Any CPU.Build.0 = Release|Any CPU
		{CEB1886F-6A13-4A75-B8F3-D0A087CA6C67}.Release|ARM.ActiveCfg = Release|Any CPU
		{CEB1886F-6A13-4A75-B8F3-D0A087CA6C67}.Release|ARM.Build.0 = Release|Any CPU
		{CEB1886F-6A13-4A75-B8F3-D0A087CA6C67}.Release|x64.ActiveCfg = Release|Any CPU
		{CEB1886F-6A13-4A75-B8F3-D0A087CA6C67}.Release|x64.Build.0 = Release|Any CPU
		{CEB1886F-6A13-4A75-B8F3-D0A087CA6C67}.Release|x86.ActiveCfg = Release|Any CPU
		{CEB1886F-6A13-4A75-B8F3-D0A087CA6C67}.Release|x86.Build.0 = Release|Any CPU
		{645FFAE4-1650-41DA-A235-3F8E7C4F8965}.Debug|Any CPU.ActiveCfg = Debug|Any CPU
		{645FFAE4-1650-41DA-A235-3F8E7C4F8965}.Debug|Any CPU.Build.0 = Debug|Any CPU
		{645FFAE4-1650-41DA-A235-3F8E7C4F8965}.Debug|ARM.ActiveCfg = Debug|Any CPU
		{645FFAE4-1650-41DA-A235-3F8E7C4F8965}.Debug|ARM.Build.0 = Debug|Any CPU
		{645FFAE4-1650-41DA-A235-3F8E7C4F8965}.Debug|x64.ActiveCfg = Debug|Any CPU
		{645FFAE4-1650-41DA-A235-3F8E7C4F8965}.Debug|x64.Build.0 = Debug|Any CPU
		{645FFAE4-1650-41DA-A235-3F8E7C4F8965}.Debug|x86.ActiveCfg = Debug|Any CPU
		{645FFAE4-1650-41DA-A235-3F8E7C4F8965}.Debug|x86.Build.0 = Debug|Any CPU
		{645FFAE4-1650-41DA-A235-3F8E7C4F8965}.Release|Any CPU.ActiveCfg = Release|Any CPU
		{645FFAE4-1650-41DA-A235-3F8E7C4F8965}.Release|Any CPU.Build.0 = Release|Any CPU
		{645FFAE4-1650-41DA-A235-3F8E7C4F8965}.Release|ARM.ActiveCfg = Release|Any CPU
		{645FFAE4-1650-41DA-A235-3F8E7C4F8965}.Release|ARM.Build.0 = Release|Any CPU
		{645FFAE4-1650-41DA-A235-3F8E7C4F8965}.Release|x64.ActiveCfg = Release|Any CPU
		{645FFAE4-1650-41DA-A235-3F8E7C4F8965}.Release|x64.Build.0 = Release|Any CPU
		{645FFAE4-1650-41DA-A235-3F8E7C4F8965}.Release|x86.ActiveCfg = Release|Any CPU
		{645FFAE4-1650-41DA-A235-3F8E7C4F8965}.Release|x86.Build.0 = Release|Any CPU
	EndGlobalSection
	GlobalSection(SolutionProperties) = preSolution
		HideSolutionNode = FALSE
	EndGlobalSection
	GlobalSection(ExtensibilityGlobals) = postSolution
		SolutionGuid = {BAD554C5-E935-4654-8982-B6713DA6B974}
	EndGlobalSection
EndGlobal
